
Microsoft Visual Studio Solution File, Format Version 12.00
# Visual Studio 15
VisualStudioVersion = 15.0.28010.2041
MinimumVisualStudioVersion = 10.0.40219.1
Project("{9A19103F-16F7-4668-BE54-9A1E7A4F7556}") = "Generics", "Generics\Generics.csproj", "{5A083686-C452-4E94-B5E8-2162DFA86CA9}"
EndProject
Project("{FAE04EC0-301F-11D3-BF4B-00C04F79EFBC}") = "Tuple", "Tuple\Tuple.csproj", "{14058211-FF34-4497-BE1A-2CA9EAFFEF1B}"
EndProject
Global
	GlobalSection(SolutionConfigurationPlatforms) = preSolution
		Debug|Any CPU = Debug|Any CPU
		Release|Any CPU = Release|Any CPU
	EndGlobalSection
	GlobalSection(ProjectConfigurationPlatforms) = postSolution
		{5A083686-C452-4E94-B5E8-2162DFA86CA9}.Debug|Any CPU.ActiveCfg = Debug|Any CPU
		{5A083686-C452-4E94-B5E8-2162DFA86CA9}.Debug|Any CPU.Build.0 = Debug|Any CPU
		{5A083686-C452-4E94-B5E8-2162DFA86CA9}.Release|Any CPU.ActiveCfg = Release|Any CPU
		{5A083686-C452-4E94-B5E8-2162DFA86CA9}.Release|Any CPU.Build.0 = Release|Any CPU
		{14058211-FF34-4497-BE1A-2CA9EAFFEF1B}.Debug|Any CPU.ActiveCfg = Debug|Any CPU
		{14058211-FF34-4497-BE1A-2CA9EAFFEF1B}.Debug|Any CPU.Build.0 = Debug|Any CPU
		{14058211-FF34-4497-BE1A-2CA9EAFFEF1B}.Release|Any CPU.ActiveCfg = Release|Any CPU
		{14058211-FF34-4497-BE1A-2CA9EAFFEF1B}.Release|Any CPU.Build.0 = Release|Any CPU
	EndGlobalSection
	GlobalSection(SolutionProperties) = preSolution
		HideSolutionNode = FALSE
	EndGlobalSection
	GlobalSection(ExtensibilityGlobals) = postSolution
		SolutionGuid = {76B57753-1EE7-401A-9993-7C884315A18C}
	EndGlobalSection
EndGlobal
