
Microsoft Visual Studio Solution File, Format Version 12.00
# Visual Studio 15
VisualStudioVersion = 15.0.28307.136
MinimumVisualStudioVersion = 10.0.40219.1
Project("{9A19103F-16F7-4668-BE54-9A1E7A4F7556}") = "P01_HarvestingFields", "P01_HarvestingFields.csproj", "{AD0D45AF-73EF-44C3-B889-3DDB08D47AC0}"
EndProject
Global
	GlobalSection(SolutionConfigurationPlatforms) = preSolution
		Debug|Any CPU = Debug|Any CPU
		Release|Any CPU = Release|Any CPU
	EndGlobalSection
	GlobalSection(ProjectConfigurationPlatforms) = postSolution
		{AD0D45AF-73EF-44C3-B889-3DDB08D47AC0}.Debug|Any CPU.ActiveCfg = Debug|Any CPU
		{AD0D45AF-73EF-44C3-B889-3DDB08D47AC0}.Debug|Any CPU.Build.0 = Debug|Any CPU
		{AD0D45AF-73EF-44C3-B889-3DDB08D47AC0}.Release|Any CPU.ActiveCfg = Release|Any CPU
		{AD0D45AF-73EF-44C3-B889-3DDB08D47AC0}.Release|Any CPU.Build.0 = Release|Any CPU
	EndGlobalSection
	GlobalSection(SolutionProperties) = preSolution
		HideSolutionNode = FALSE
	EndGlobalSection
	GlobalSection(ExtensibilityGlobals) = postSolution
		SolutionGuid = {00FD9699-2003-4B07-A5CB-9A17869E666F}
	EndGlobalSection
EndGlobal
