
Microsoft Visual Studio Solution File, Format Version 12.00
# Visual Studio 15
VisualStudioVersion = 15.0.28307.136
MinimumVisualStudioVersion = 10.0.40219.1
Project("{9A19103F-16F7-4668-BE54-9A1E7A4F7556}") = "P02_BlackBoxInteger", "P02_BlackBoxInteger.csproj", "{ECBE1AE8-D963-4B60-8873-AC6E91FE149A}"
EndProject
Global
	GlobalSection(SolutionConfigurationPlatforms) = preSolution
		Debug|Any CPU = Debug|Any CPU
		Release|Any CPU = Release|Any CPU
	EndGlobalSection
	GlobalSection(ProjectConfigurationPlatforms) = postSolution
		{ECBE1AE8-D963-4B60-8873-AC6E91FE149A}.Debug|Any CPU.ActiveCfg = Debug|Any CPU
		{ECBE1AE8-D963-4B60-8873-AC6E91FE149A}.Debug|Any CPU.Build.0 = Debug|Any CPU
		{ECBE1AE8-D963-4B60-8873-AC6E91FE149A}.Release|Any CPU.ActiveCfg = Release|Any CPU
		{ECBE1AE8-D963-4B60-8873-AC6E91FE149A}.Release|Any CPU.Build.0 = Release|Any CPU
	EndGlobalSection
	GlobalSection(SolutionProperties) = preSolution
		HideSolutionNode = FALSE
	EndGlobalSection
	GlobalSection(ExtensibilityGlobals) = postSolution
		SolutionGuid = {6F36E409-C95A-452A-ABAA-A8BBABB1F940}
	EndGlobalSection
EndGlobal
